{
  "name": "rdns-ns",
  "version": "0.0.1",
  "lockfileVersion": 1,
  "requires": true,
  "dependencies": {
    "dns-packet": {
      "version": "5.2.1",
      "resolved": "https://registry.npmjs.org/dns-packet/-/dns-packet-5.2.1.tgz",
      "integrity": "sha512-JHj2yJeKOqlxzeuYpN1d56GfhzivAxavNwHj9co3qptECel27B1rLY5PifJAvubsInX5pGLDjAHuCfCUc2Zv/w==",
      "requires": {
        "ip": "^1.1.5"
      }
    },
    "ip": {
      "version": "1.1.5",
      "resolved": "https://registry.npmjs.org/ip/-/ip-1.1.5.tgz",
      "integrity": "sha1-vd7XARQpCCjAoDnnLvJfWq7ENUo="
    },
    "ip6": {
      "version": "0.2.6",
      "resolved": "https://registry.npmjs.org/ip6/-/ip6-0.2.6.tgz",
      "integrity": "sha512-Im9kYH0L2PdGysroiMzuK4JoRnMr7U+I8NW1C7cvMfpPlPkz7OpJoHQPeGCarmYGH2cqoWRXI7o/pLKa6KXZ5Q=="
    },
    "is-in-subnet": {
      "version": "4.0.1",
      "resolved": "https://registry.npmjs.org/is-in-subnet/-/is-in-subnet-4.0.1.tgz",
      "integrity": "sha512-D3mAuAo6vZ+/AxsLkEIZ3moTx7AIGQLLzLQslV6n0RRO/CzdUemXap+lj3OPAehKCbdkGPikxOVUYqRo0GGJAA=="
    }
  }
}
